
Microsoft Visual Studio Solution File, Format Version 12.00
# Visual Studio Version 17
VisualStudioVersion = 17.11.35219.272
MinimumVisualStudioVersion = 10.0.40219.1
Project("{FAE04EC0-301F-11D3-BF4B-00C04F79EFBC}") = "Laboratorio_04", "Laboratorio_04.csproj", "{42D09FDB-5FBF-4E87-B168-1D35D5EB6C14}"
EndProject
Global
	GlobalSection(SolutionConfigurationPlatforms) = preSolution
		Debug|Any CPU = Debug|Any CPU
		Release|Any CPU = Release|Any CPU
	EndGlobalSection
	GlobalSection(ProjectConfigurationPlatforms) = postSolution
		{42D09FDB-5FBF-4E87-B168-1D35D5EB6C14}.Debug|Any CPU.ActiveCfg = Debug|Any CPU
		{42D09FDB-5FBF-4E87-B168-1D35D5EB6C14}.Debug|Any CPU.Build.0 = Debug|Any CPU
		{42D09FDB-5FBF-4E87-B168-1D35D5EB6C14}.Release|Any CPU.ActiveCfg = Release|Any CPU
		{42D09FDB-5FBF-4E87-B168-1D35D5EB6C14}.Release|Any CPU.Build.0 = Release|Any CPU
	EndGlobalSection
	GlobalSection(SolutionProperties) = preSolution
		HideSolutionNode = FALSE
	EndGlobalSection
	GlobalSection(ExtensibilityGlobals) = postSolution
		SolutionGuid = {81644A87-CC43-4F2A-AE43-CDBA4602C2E4}
	EndGlobalSection
EndGlobal
